
Microsoft Visual Studio Solution File, Format Version 12.00
# Visual Studio 15
VisualStudioVersion = 15.0.25807.0
MinimumVisualStudioVersion = 10.0.40219.1
Project("{2150E333-8FDC-42A3-9474-1A3956D46DE8}") = "Engine", "Engine", "{4B7096EE-CC1B-4F04-8990-85DD6BCBCAB5}"
EndProject
Project("{2150E333-8FDC-42A3-9474-1A3956D46DE8}") = "Games", "Games", "{37BF0C36-C6AA-42EE-9411-E7BDD2957AE5}"
EndProject
Project("{8BC9CEB8-8B4A-11D0-8D11-00A0C91BC942}") = "UE4", "Intermediate\ProjectFiles\UE4.vcxproj", "{8456E329-6A15-4B83-871F-2E5F9F6C50FA}"
EndProject
Project("{8BC9CEB8-8B4A-11D0-8D11-00A0C91BC942}") = "AIProject", "Intermediate\ProjectFiles\AIProject.vcxproj", "{3832C6EC-CDB8-4C52-86A8-F2E8303C3662}"
EndProject
Project("{2150E333-8FDC-42A3-9474-1A3956D46DE8}") = "Visualizers", "Visualizers", "{ABA7F7FC-4D11-470F-9B46-5366A548ED00}"
	ProjectSection(SolutionItems) = preProject
		..\..\..\..\..\..\Program Files\Epic Games\UE_4.21\Engine\Extras\VisualStudioDebugging\UE4.natvis = ..\..\..\..\..\..\Program Files\Epic Games\UE_4.21\Engine\Extras\VisualStudioDebugging\UE4.natvis
	EndProjectSection
EndProject
Global
	GlobalSection(SolutionConfigurationPlatforms) = preSolution
		DebugGame Editor|HTML5 = DebugGame Editor|HTML5
		DebugGame Editor|Win32 = DebugGame Editor|Win32
		DebugGame Editor|Win64 = DebugGame Editor|Win64
		DebugGame|HTML5 = DebugGame|HTML5
		DebugGame|Win32 = DebugGame|Win32
		DebugGame|Win64 = DebugGame|Win64
		Development Editor|HTML5 = Development Editor|HTML5
		Development Editor|Win32 = Development Editor|Win32
		Development Editor|Win64 = Development Editor|Win64
		Development|HTML5 = Development|HTML5
		Development|Win32 = Development|Win32
		Development|Win64 = Development|Win64
		Shipping|HTML5 = Shipping|HTML5
		Shipping|Win32 = Shipping|Win32
		Shipping|Win64 = Shipping|Win64
	EndGlobalSection
	GlobalSection(ProjectConfigurationPlatforms) = postSolution
		{8456E329-6A15-4B83-871F-2E5F9F6C50FA}.DebugGame Editor|HTML5.ActiveCfg = BuiltWithUnrealBuildTool|Win32
		{8456E329-6A15-4B83-871F-2E5F9F6C50FA}.DebugGame Editor|Win32.ActiveCfg = BuiltWithUnrealBuildTool|Win32
		{8456E329-6A15-4B83-871F-2E5F9F6C50FA}.DebugGame Editor|Win64.ActiveCfg = BuiltWithUnrealBuildTool|Win32
		{8456E329-6A15-4B83-871F-2E5F9F6C50FA}.DebugGame|HTML5.ActiveCfg = BuiltWithUnrealBuildTool|Win32
		{8456E329-6A15-4B83-871F-2E5F9F6C50FA}.DebugGame|Win32.ActiveCfg = BuiltWithUnrealBuildTool|Win32
		{8456E329-6A15-4B83-871F-2E5F9F6C50FA}.DebugGame|Win64.ActiveCfg = BuiltWithUnrealBuildTool|Win32
		{8456E329-6A15-4B83-871F-2E5F9F6C50FA}.Development Editor|HTML5.ActiveCfg = BuiltWithUnrealBuildTool|Win32
		{8456E329-6A15-4B83-871F-2E5F9F6C50FA}.Development Editor|Win32.ActiveCfg = BuiltWithUnrealBuildTool|Win32
		{8456E329-6A15-4B83-871F-2E5F9F6C50FA}.Development Editor|Win64.ActiveCfg = BuiltWithUnrealBuildTool|Win32
		{8456E329-6A15-4B83-871F-2E5F9F6C50FA}.Development|HTML5.ActiveCfg = BuiltWithUnrealBuildTool|Win32
		{8456E329-6A15-4B83-871F-2E5F9F6C50FA}.Development|Win32.ActiveCfg = BuiltWithUnrealBuildTool|Win32
		{8456E329-6A15-4B83-871F-2E5F9F6C50FA}.Development|Win64.ActiveCfg = BuiltWithUnrealBuildTool|Win32
		{8456E329-6A15-4B83-871F-2E5F9F6C50FA}.Shipping|HTML5.ActiveCfg = BuiltWithUnrealBuildTool|Win32
		{8456E329-6A15-4B83-871F-2E5F9F6C50FA}.Shipping|Win32.ActiveCfg = BuiltWithUnrealBuildTool|Win32
		{8456E329-6A15-4B83-871F-2E5F9F6C50FA}.Shipping|Win64.ActiveCfg = BuiltWithUnrealBuildTool|Win32
		{3832C6EC-CDB8-4C52-86A8-F2E8303C3662}.DebugGame Editor|HTML5.ActiveCfg = Invalid|Win32
		{3832C6EC-CDB8-4C52-86A8-F2E8303C3662}.DebugGame Editor|Win32.ActiveCfg = Invalid|Win32
		{3832C6EC-CDB8-4C52-86A8-F2E8303C3662}.DebugGame Editor|Win64.ActiveCfg = DebugGame_Editor|x64
		{3832C6EC-CDB8-4C52-86A8-F2E8303C3662}.DebugGame Editor|Win64.Build.0 = DebugGame_Editor|x64
		{3832C6EC-CDB8-4C52-86A8-F2E8303C3662}.DebugGame|HTML5.ActiveCfg = HTML5_DebugGame|Win32
		{3832C6EC-CDB8-4C52-86A8-F2E8303C3662}.DebugGame|HTML5.Build.0 = HTML5_DebugGame|Win32
		{3832C6EC-CDB8-4C52-86A8-F2E8303C3662}.DebugGame|Win32.ActiveCfg = DebugGame|Win32
		{3832C6EC-CDB8-4C52-86A8-F2E8303C3662}.DebugGame|Win32.Build.0 = DebugGame|Win32
		{3832C6EC-CDB8-4C52-86A8-F2E8303C3662}.DebugGame|Win64.ActiveCfg = DebugGame|x64
		{3832C6EC-CDB8-4C52-86A8-F2E8303C3662}.DebugGame|Win64.Build.0 = DebugGame|x64
		{3832C6EC-CDB8-4C52-86A8-F2E8303C3662}.Development Editor|HTML5.ActiveCfg = Invalid|Win32
		{3832C6EC-CDB8-4C52-86A8-F2E8303C3662}.Development Editor|Win32.ActiveCfg = Invalid|Win32
		{3832C6EC-CDB8-4C52-86A8-F2E8303C3662}.Development Editor|Win64.ActiveCfg = Development_Editor|x64
		{3832C6EC-CDB8-4C52-86A8-F2E8303C3662}.Development Editor|Win64.Build.0 = Development_Editor|x64
		{3832C6EC-CDB8-4C52-86A8-F2E8303C3662}.Development|HTML5.ActiveCfg = HTML5_Development|Win32
		{3832C6EC-CDB8-4C52-86A8-F2E8303C3662}.Development|HTML5.Build.0 = HTML5_Development|Win32
		{3832C6EC-CDB8-4C52-86A8-F2E8303C3662}.Development|Win32.ActiveCfg = Development|Win32
		{3832C6EC-CDB8-4C52-86A8-F2E8303C3662}.Development|Win32.Build.0 = Development|Win32
		{3832C6EC-CDB8-4C52-86A8-F2E8303C3662}.Development|Win64.ActiveCfg = Development|x64
		{3832C6EC-CDB8-4C52-86A8-F2E8303C3662}.Development|Win64.Build.0 = Development|x64
		{3832C6EC-CDB8-4C52-86A8-F2E8303C3662}.Shipping|HTML5.ActiveCfg = HTML5_Shipping|Win32
		{3832C6EC-CDB8-4C52-86A8-F2E8303C3662}.Shipping|HTML5.Build.0 = HTML5_Shipping|Win32
		{3832C6EC-CDB8-4C52-86A8-F2E8303C3662}.Shipping|Win32.ActiveCfg = Shipping|Win32
		{3832C6EC-CDB8-4C52-86A8-F2E8303C3662}.Shipping|Win32.Build.0 = Shipping|Win32
		{3832C6EC-CDB8-4C52-86A8-F2E8303C3662}.Shipping|Win64.ActiveCfg = Shipping|x64
		{3832C6EC-CDB8-4C52-86A8-F2E8303C3662}.Shipping|Win64.Build.0 = Shipping|x64
	EndGlobalSection
	GlobalSection(SolutionProperties) = preSolution
		HideSolutionNode = FALSE
	EndGlobalSection
	GlobalSection(NestedProjects) = preSolution
		{8456E329-6A15-4B83-871F-2E5F9F6C50FA} = {4B7096EE-CC1B-4F04-8990-85DD6BCBCAB5}
		{3832C6EC-CDB8-4C52-86A8-F2E8303C3662} = {37BF0C36-C6AA-42EE-9411-E7BDD2957AE5}
	EndGlobalSection
EndGlobal
